
Microsoft Visual Studio Solution File, Format Version 12.00
# Visual Studio 15
VisualStudioVersion = 15.0.28307.136
MinimumVisualStudioVersion = 10.0.40219.1
Project("{9A19103F-16F7-4668-BE54-9A1E7A4F7556}") = "FastJSON", "FastJSON\FastJSON.csproj", "{90A68D53-21D5-4DFA-8206-307D5C0EAF1B}"
EndProject
Project("{9A19103F-16F7-4668-BE54-9A1E7A4F7556}") = "FastJSON.Test", "FastJSON.Test\FastJSON.Test.csproj", "{D77C8AC0-CCE4-45CA-BC83-94EC9A301B10}"
EndProject
Project("{FAE04EC0-301F-11D3-BF4B-00C04F79EFBC}") = "FastJSON.ConsoleTest", "FastJSON.ConsoleTest\FastJSON.ConsoleTest.csproj", "{C143CE5B-2082-438A-82FF-6A031F09F72D}"
EndProject
Global
	GlobalSection(SolutionConfigurationPlatforms) = preSolution
		Debug|Any CPU = Debug|Any CPU
		Release|Any CPU = Release|Any CPU
	EndGlobalSection
	GlobalSection(ProjectConfigurationPlatforms) = postSolution
		{90A68D53-21D5-4DFA-8206-307D5C0EAF1B}.Debug|Any CPU.ActiveCfg = Debug|Any CPU
		{90A68D53-21D5-4DFA-8206-307D5C0EAF1B}.Debug|Any CPU.Build.0 = Debug|Any CPU
		{90A68D53-21D5-4DFA-8206-307D5C0EAF1B}.Release|Any CPU.ActiveCfg = Release|Any CPU
		{90A68D53-21D5-4DFA-8206-307D5C0EAF1B}.Release|Any CPU.Build.0 = Release|Any CPU
		{D77C8AC0-CCE4-45CA-BC83-94EC9A301B10}.Debug|Any CPU.ActiveCfg = Debug|Any CPU
		{D77C8AC0-CCE4-45CA-BC83-94EC9A301B10}.Debug|Any CPU.Build.0 = Debug|Any CPU
		{D77C8AC0-CCE4-45CA-BC83-94EC9A301B10}.Release|Any CPU.ActiveCfg = Release|Any CPU
		{D77C8AC0-CCE4-45CA-BC83-94EC9A301B10}.Release|Any CPU.Build.0 = Release|Any CPU
		{C143CE5B-2082-438A-82FF-6A031F09F72D}.Debug|Any CPU.ActiveCfg = Debug|Any CPU
		{C143CE5B-2082-438A-82FF-6A031F09F72D}.Debug|Any CPU.Build.0 = Debug|Any CPU
		{C143CE5B-2082-438A-82FF-6A031F09F72D}.Release|Any CPU.ActiveCfg = Release|Any CPU
		{C143CE5B-2082-438A-82FF-6A031F09F72D}.Release|Any CPU.Build.0 = Release|Any CPU
	EndGlobalSection
	GlobalSection(SolutionProperties) = preSolution
		HideSolutionNode = FALSE
	EndGlobalSection
	GlobalSection(ExtensibilityGlobals) = postSolution
		SolutionGuid = {08007FBD-30F7-487A-BC5F-C9307E37AC9F}
	EndGlobalSection
EndGlobal
